
Microsoft Visual Studio Solution File, Format Version 12.00
# Visual Studio Version 16
VisualStudioVersion = 16.0.30907.101
MinimumVisualStudioVersion = 10.0.40219.1
Project("{FAE04EC0-301F-11D3-BF4B-00C04F79EFBC}") = "Metotlar", "Metotlar\Metotlar.csproj", "{77EEFD7E-BA16-4012-85EC-61B9297EDD3C}"
EndProject
Project("{FAE04EC0-301F-11D3-BF4B-00C04F79EFBC}") = "Matematik", "Matematik\Matematik.csproj", "{B4E4B0D6-F65E-4A78-A494-EC0F73571FDE}"
EndProject
Project("{FAE04EC0-301F-11D3-BF4B-00C04F79EFBC}") = "DegerVeReferansTipler", "DegerVeReferansTipler\DegerVeReferansTipler.csproj", "{90C0214A-37AE-4459-8E76-1966C9F454EA}"
EndProject
Global
	GlobalSection(SolutionConfigurationPlatforms) = preSolution
		Debug|Any CPU = Debug|Any CPU
		Release|Any CPU = Release|Any CPU
	EndGlobalSection
	GlobalSection(ProjectConfigurationPlatforms) = postSolution
		{77EEFD7E-BA16-4012-85EC-61B9297EDD3C}.Debug|Any CPU.ActiveCfg = Debug|Any CPU
		{77EEFD7E-BA16-4012-85EC-61B9297EDD3C}.Debug|Any CPU.Build.0 = Debug|Any CPU
		{77EEFD7E-BA16-4012-85EC-61B9297EDD3C}.Release|Any CPU.ActiveCfg = Release|Any CPU
		{77EEFD7E-BA16-4012-85EC-61B9297EDD3C}.Release|Any CPU.Build.0 = Release|Any CPU
		{B4E4B0D6-F65E-4A78-A494-EC0F73571FDE}.Debug|Any CPU.ActiveCfg = Debug|Any CPU
		{B4E4B0D6-F65E-4A78-A494-EC0F73571FDE}.Debug|Any CPU.Build.0 = Debug|Any CPU
		{B4E4B0D6-F65E-4A78-A494-EC0F73571FDE}.Release|Any CPU.ActiveCfg = Release|Any CPU
		{B4E4B0D6-F65E-4A78-A494-EC0F73571FDE}.Release|Any CPU.Build.0 = Release|Any CPU
		{90C0214A-37AE-4459-8E76-1966C9F454EA}.Debug|Any CPU.ActiveCfg = Debug|Any CPU
		{90C0214A-37AE-4459-8E76-1966C9F454EA}.Debug|Any CPU.Build.0 = Debug|Any CPU
		{90C0214A-37AE-4459-8E76-1966C9F454EA}.Release|Any CPU.ActiveCfg = Release|Any CPU
		{90C0214A-37AE-4459-8E76-1966C9F454EA}.Release|Any CPU.Build.0 = Release|Any CPU
	EndGlobalSection
	GlobalSection(SolutionProperties) = preSolution
		HideSolutionNode = FALSE
	EndGlobalSection
	GlobalSection(ExtensibilityGlobals) = postSolution
		SolutionGuid = {97273938-E31B-429D-BAB0-6BCE387B10C7}
	EndGlobalSection
EndGlobal
